
Microsoft Visual Studio Solution File, Format Version 12.00
# Visual Studio Version 17
VisualStudioVersion = 17.2.32616.157
MinimumVisualStudioVersion = 10.0.40219.1
Project("{9A19103F-16F7-4668-BE54-9A1E7A4F7556}") = "MusicMarket.Api", "MusicMarket.Api\MusicMarket.Api.csproj", "{DDBD48D6-9135-4F79-8150-09132E29EBC9}"
EndProject
Project("{9A19103F-16F7-4668-BE54-9A1E7A4F7556}") = "MusicMarket.Core", "MusicMarket.Core\MusicMarket.Core.csproj", "{431545F0-8D73-43F5-ABC9-9C3A1D5FF7F0}"
EndProject
Project("{9A19103F-16F7-4668-BE54-9A1E7A4F7556}") = "MusicMarket.Services", "MusicMarket.Services\MusicMarket.Services.csproj", "{A9B3F7D1-578E-4A95-A11A-1B24523E66E7}"
EndProject
Project("{9A19103F-16F7-4668-BE54-9A1E7A4F7556}") = "MusicMarket.Data", "MusicMarket.Data\MusicMarket.Data.csproj", "{FBA35AE2-409F-430B-8E62-C03E3619F72C}"
EndProject
Project("{FAE04EC0-301F-11D3-BF4B-00C04F79EFBC}") = "CoreHealthCheck", "CoreHealthCheck\CoreHealthCheck.csproj", "{884201D4-2534-46C2-BEEC-6EA256C2DAC5}"
EndProject
Global
	GlobalSection(SolutionConfigurationPlatforms) = preSolution
		Debug|Any CPU = Debug|Any CPU
		Release|Any CPU = Release|Any CPU
	EndGlobalSection
	GlobalSection(ProjectConfigurationPlatforms) = postSolution
		{DDBD48D6-9135-4F79-8150-09132E29EBC9}.Debug|Any CPU.ActiveCfg = Debug|Any CPU
		{DDBD48D6-9135-4F79-8150-09132E29EBC9}.Debug|Any CPU.Build.0 = Debug|Any CPU
		{DDBD48D6-9135-4F79-8150-09132E29EBC9}.Release|Any CPU.ActiveCfg = Release|Any CPU
		{DDBD48D6-9135-4F79-8150-09132E29EBC9}.Release|Any CPU.Build.0 = Release|Any CPU
		{431545F0-8D73-43F5-ABC9-9C3A1D5FF7F0}.Debug|Any CPU.ActiveCfg = Debug|Any CPU
		{431545F0-8D73-43F5-ABC9-9C3A1D5FF7F0}.Debug|Any CPU.Build.0 = Debug|Any CPU
		{431545F0-8D73-43F5-ABC9-9C3A1D5FF7F0}.Release|Any CPU.ActiveCfg = Release|Any CPU
		{431545F0-8D73-43F5-ABC9-9C3A1D5FF7F0}.Release|Any CPU.Build.0 = Release|Any CPU
		{A9B3F7D1-578E-4A95-A11A-1B24523E66E7}.Debug|Any CPU.ActiveCfg = Debug|Any CPU
		{A9B3F7D1-578E-4A95-A11A-1B24523E66E7}.Debug|Any CPU.Build.0 = Debug|Any CPU
		{A9B3F7D1-578E-4A95-A11A-1B24523E66E7}.Release|Any CPU.ActiveCfg = Release|Any CPU
		{A9B3F7D1-578E-4A95-A11A-1B24523E66E7}.Release|Any CPU.Build.0 = Release|Any CPU
		{FBA35AE2-409F-430B-8E62-C03E3619F72C}.Debug|Any CPU.ActiveCfg = Debug|Any CPU
		{FBA35AE2-409F-430B-8E62-C03E3619F72C}.Debug|Any CPU.Build.0 = Debug|Any CPU
		{FBA35AE2-409F-430B-8E62-C03E3619F72C}.Release|Any CPU.ActiveCfg = Release|Any CPU
		{FBA35AE2-409F-430B-8E62-C03E3619F72C}.Release|Any CPU.Build.0 = Release|Any CPU
		{884201D4-2534-46C2-BEEC-6EA256C2DAC5}.Debug|Any CPU.ActiveCfg = Debug|Any CPU
		{884201D4-2534-46C2-BEEC-6EA256C2DAC5}.Debug|Any CPU.Build.0 = Debug|Any CPU
		{884201D4-2534-46C2-BEEC-6EA256C2DAC5}.Release|Any CPU.ActiveCfg = Release|Any CPU
		{884201D4-2534-46C2-BEEC-6EA256C2DAC5}.Release|Any CPU.Build.0 = Release|Any CPU
	EndGlobalSection
	GlobalSection(SolutionProperties) = preSolution
		HideSolutionNode = FALSE
	EndGlobalSection
	GlobalSection(ExtensibilityGlobals) = postSolution
		SolutionGuid = {6F565A4C-5874-4B66-8AA6-92E729B717FC}
	EndGlobalSection
EndGlobal
